
Microsoft Visual Studio Solution File, Format Version 12.00
# Visual Studio Version 17
VisualStudioVersion = 17.5.33414.496
MinimumVisualStudioVersion = 10.0.40219.1
Project("{FAE04EC0-301F-11D3-BF4B-00C04F79EFBC}") = "GridviewCrudOps", "GridviewCrudOps\GridviewCrudOps.csproj", "{F3916026-7CB2-43A5-B840-A21DF28C8EAE}"
EndProject
Global
	GlobalSection(SolutionConfigurationPlatforms) = preSolution
		Debug|Any CPU = Debug|Any CPU
		Release|Any CPU = Release|Any CPU
	EndGlobalSection
	GlobalSection(ProjectConfigurationPlatforms) = postSolution
		{F3916026-7CB2-43A5-B840-A21DF28C8EAE}.Debug|Any CPU.ActiveCfg = Debug|Any CPU
		{F3916026-7CB2-43A5-B840-A21DF28C8EAE}.Debug|Any CPU.Build.0 = Debug|Any CPU
		{F3916026-7CB2-43A5-B840-A21DF28C8EAE}.Release|Any CPU.ActiveCfg = Release|Any CPU
		{F3916026-7CB2-43A5-B840-A21DF28C8EAE}.Release|Any CPU.Build.0 = Release|Any CPU
	EndGlobalSection
	GlobalSection(SolutionProperties) = preSolution
		HideSolutionNode = FALSE
	EndGlobalSection
	GlobalSection(ExtensibilityGlobals) = postSolution
		SolutionGuid = {FF7FD12B-5B3F-43B0-81B1-0344168B629F}
	EndGlobalSection
EndGlobal
